version = 1
requires-python = "==3.9.*"

[[package]]
name = "boto3"
version = "1.29.1"
source = { registry = "https://pypi.org/simple" }
dependencies = [
    { name = "botocore" },
    { name = "jmespath" },
    { name = "s3transfer" },
]
sdist = { url = "https://files.pythonhosted.org/packages/99/ac/3ddc134c8a4b81a7fdaf54ffe0e2e1cbd35bab929a2a3e7965b684f3d6ed/boto3-1.29.1.tar.gz", hash = "sha256:20285ebf4e98b2905a88aeb162b4f77ff908b2e3e31038b3223e593789290aa3", size = 103348 }
wheels = [
    { url = "https://files.pythonhosted.org/packages/12/57/163578282770fd613a159267f6b3da7cde24a2ad9d35ddad019dc0a6f9e5/boto3-1.29.1-py3-none-any.whl", hash = "sha256:192695305fa65012d21f78ee852b91cb56dd571e84d51fb71f756302bf19d23f", size = 135774 },
]

[[package]]
name = "botocore"
version = "1.32.7"
source = { registry = "https://pypi.org/simple" }
dependencies = [
    { name = "jmespath" },
    { name = "python-dateutil" },
    { name = "urllib3" },
]
sdist = { url = "https://files.pythonhosted.org/packages/38/76/40bc076d9d910587d3cece2dc3226646fd34456895975e36fcae3acb74fd/botocore-1.32.7.tar.gz", hash = "sha256:c6795c731b04c8e3635588c44cfd1a4462fc5987859195522c96812cf3eceff9", size = 11689574 }
wheels = [
    { url = "https://files.pythonhosted.org/packages/fa/61/fcf83f6540cb32c258654066d58ac0353196732b7c8b899b50fb7c5e39ef/botocore-1.32.7-py3-none-any.whl", hash = "sha256:58b33d02cafa23461c8a9d211b30e8cded992380a84de409379fd02811fa3e11", size = 11583620 },
]

[[package]]
name = "certifi"
version = "2024.8.30"
source = { registry = "https://pypi.org/simple" }
sdist = { url = "https://files.pythonhosted.org/packages/b0/ee/9b19140fe824b367c04c5e1b369942dd754c4c5462d5674002f75c4dedc1/certifi-2024.8.30.tar.gz", hash = "sha256:bec941d2aa8195e248a60b31ff9f0558284cf01a52591ceda73ea9afffd69fd9", size = 168507 }
wheels = [
    { url = "https://files.pythonhosted.org/packages/12/90/3c9ff0512038035f59d279fddeb79f5f1eccd8859f06d6163c58798b9487/certifi-2024.8.30-py3-none-any.whl", hash = "sha256:922820b53db7a7257ffbda3f597266d435245903d80737e34f8a45ff3e3230d8", size = 167321 },
]

[[package]]
name = "charset-normalizer"
version = "3.4.0"
source = { registry = "https://pypi.org/simple" }
sdist = { url = "https://files.pythonhosted.org/packages/f2/4f/e1808dc01273379acc506d18f1504eb2d299bd4131743b9fc54d7be4df1e/charset_normalizer-3.4.0.tar.gz", hash = "sha256:223217c3d4f82c3ac5e29032b3f1c2eb0fb591b72161f86d93f5719079dae93e", size = 106620 }
wheels = [
    { url = "https://files.pythonhosted.org/packages/54/2f/28659eee7f5d003e0f5a3b572765bf76d6e0fe6601ab1f1b1dd4cba7e4f1/charset_normalizer-3.4.0-cp39-cp39-macosx_10_9_universal2.whl", hash = "sha256:980b4f289d1d90ca5efcf07958d3eb38ed9c0b7676bf2831a54d4f66f9c27dfa", size = 196326 },
    { url = "https://files.pythonhosted.org/packages/d1/18/92869d5c0057baa973a3ee2af71573be7b084b3c3d428fe6463ce71167f8/charset_normalizer-3.4.0-cp39-cp39-macosx_10_9_x86_64.whl", hash = "sha256:f28f891ccd15c514a0981f3b9db9aa23d62fe1a99997512b0491d2ed323d229a", size = 125614 },
    { url = "https://files.pythonhosted.org/packages/d6/27/327904c5a54a7796bb9f36810ec4173d2df5d88b401d2b95ef53111d214e/charset_normalizer-3.4.0-cp39-cp39-macosx_11_0_arm64.whl", hash = "sha256:a8aacce6e2e1edcb6ac625fb0f8c3a9570ccc7bfba1f63419b3769ccf6a00ed0", size = 120450 },
    { url = "https://files.pythonhosted.org/packages/a4/23/65af317914a0308495133b2d654cf67b11bbd6ca16637c4e8a38f80a5a69/charset_normalizer-3.4.0-cp39-cp39-manylinux_2_17_aarch64.manylinux2014_aarch64.whl", hash = "sha256:bd7af3717683bea4c87acd8c0d3d5b44d56120b26fd3f8a692bdd2d5260c620a", size = 140135 },
    { url = "https://files.pythonhosted.org/packages/f2/41/6190102ad521a8aa888519bb014a74251ac4586cde9b38e790901684f9ab/charset_normalizer-3.4.0-cp39-cp39-manylinux_2_17_ppc64le.manylinux2014_ppc64le.whl", hash = "sha256:5ff2ed8194587faf56555927b3aa10e6fb69d931e33953943bc4f837dfee2242", size = 150413 },
    { url = "https://files.pythonhosted.org/packages/7b/ab/f47b0159a69eab9bd915591106859f49670c75f9a19082505ff16f50efc0/charset_normalizer-3.4.0-cp39-cp39-manylinux_2_17_s390x.manylinux2014_s390x.whl", hash = "sha256:e91f541a85298cf35433bf66f3fab2a4a2cff05c127eeca4af174f6d497f0d4b", size = 142992 },
    { url = "https://files.pythonhosted.org/packages/28/89/60f51ad71f63aaaa7e51a2a2ad37919985a341a1d267070f212cdf6c2d22/charset_normalizer-3.4.0-cp39-cp39-manylinux_2_17_x86_64.manylinux2014_x86_64.whl", hash = "sha256:309a7de0a0ff3040acaebb35ec45d18db4b28232f21998851cfa709eeff49d62", size = 144871 },
    { url = "https://files.pythonhosted.org/packages/0c/48/0050550275fea585a6e24460b42465020b53375017d8596c96be57bfabca/charset_normalizer-3.4.0-cp39-cp39-manylinux_2_5_i686.manylinux1_i686.manylinux_2_17_i686.manylinux2014_i686.whl", hash = "sha256:285e96d9d53422efc0d7a17c60e59f37fbf3dfa942073f666db4ac71e8d726d0", size = 146756 },
    { url = "https://files.pythonhosted.org/packages/dc/b5/47f8ee91455946f745e6c9ddbb0f8f50314d2416dd922b213e7d5551ad09/charset_normalizer-3.4.0-cp39-cp39-musllinux_1_2_aarch64.whl", hash = "sha256:5d447056e2ca60382d460a604b6302d8db69476fd2015c81e7c35417cfabe4cd", size = 141034 },
    { url = "https://files.pythonhosted.org/packages/84/79/5c731059ebab43e80bf61fa51666b9b18167974b82004f18c76378ed31a3/charset_normalizer-3.4.0-cp39-cp39-musllinux_1_2_i686.whl", hash = "sha256:20587d20f557fe189b7947d8e7ec5afa110ccf72a3128d61a2a387c3313f46be", size = 149434 },
    { url = "https://files.pythonhosted.org/packages/ca/f3/0719cd09fc4dc42066f239cb3c48ced17fc3316afca3e2a30a4756fe49ab/charset_normalizer-3.4.0-cp39-cp39-musllinux_1_2_ppc64le.whl", hash = "sha256:130272c698667a982a5d0e626851ceff662565379baf0ff2cc58067b81d4f11d", size = 152443 },
    { url = "https://files.pythonhosted.org/packages/f7/0e/c6357297f1157c8e8227ff337e93fd0a90e498e3d6ab96b2782204ecae48/charset_normalizer-3.4.0-cp39-cp39-musllinux_1_2_s390x.whl", hash = "sha256:ab22fbd9765e6954bc0bcff24c25ff71dcbfdb185fcdaca49e81bac68fe724d3", size = 150294 },
    { url = "https://files.pythonhosted.org/packages/54/9a/acfa96dc4ea8c928040b15822b59d0863d6e1757fba8bd7de3dc4f761c13/charset_normalizer-3.4.0-cp39-cp39-musllinux_1_2_x86_64.whl", hash = "sha256:7782afc9b6b42200f7362858f9e73b1f8316afb276d316336c0ec3bd73312742", size = 145314 },
    { url = "https://files.pythonhosted.org/packages/73/1c/b10a63032eaebb8d7bcb8544f12f063f41f5f463778ac61da15d9985e8b6/charset_normalizer-3.4.0-cp39-cp39-win32.whl", hash = "sha256:2de62e8801ddfff069cd5c504ce3bc9672b23266597d4e4f50eda28846c322f2", size = 94724 },
    { url = "https://files.pythonhosted.org/packages/c5/77/3a78bf28bfaa0863f9cfef278dbeadf55efe064eafff8c7c424ae3c4c1bf/charset_normalizer-3.4.0-cp39-cp39-win_amd64.whl", hash = "sha256:95c3c157765b031331dd4db3c775e58deaee050a3042fcad72cbc4189d7c8dca", size = 102159 },
    { url = "https://files.pythonhosted.org/packages/bf/9b/08c0432272d77b04803958a4598a51e2a4b51c06640af8b8f0f908c18bf2/charset_normalizer-3.4.0-py3-none-any.whl", hash = "sha256:fe9f97feb71aa9896b81973a7bbada8c49501dc73e58a10fcef6663af95e5079", size = 49446 },
]

[[package]]
name = "contact-form-handler"
version = "0.1.0"
source = { virtual = "." }
dependencies = [
    { name = "boto3" },
    { name = "requests" },
    { name = "sentry-sdk" },
]

[package.metadata]
requires-dist = [
    { name = "boto3", specifier = "==1.29.1" },
    { name = "requests", specifier = "==2.31.0" },
    { name = "sentry-sdk", specifier = "==1.35.0" },
]

[[package]]
name = "idna"
version = "3.10"
source = { registry = "https://pypi.org/simple" }
sdist = { url = "https://files.pythonhosted.org/packages/f1/70/7703c29685631f5a7590aa73f1f1d3fa9a380e654b86af429e0934a32f7d/idna-3.10.tar.gz", hash = "sha256:12f65c9b470abda6dc35cf8e63cc574b1c52b11df2c86030af0ac09b01b13ea9", size = 190490 }
wheels = [
    { url = "https://files.pythonhosted.org/packages/76/c6/c88e154df9c4e1a2a66ccf0005a88dfb2650c1dffb6f5ce603dfbd452ce3/idna-3.10-py3-none-any.whl", hash = "sha256:946d195a0d259cbba61165e88e65941f16e9b36ea6ddb97f00452bae8b1287d3", size = 70442 },
]

[[package]]
name = "jmespath"
version = "1.0.1"
source = { registry = "https://pypi.org/simple" }
sdist = { url = "https://files.pythonhosted.org/packages/00/2a/e867e8531cf3e36b41201936b7fa7ba7b5702dbef42922193f05c8976cd6/jmespath-1.0.1.tar.gz", hash = "sha256:90261b206d6defd58fdd5e85f478bf633a2901798906be2ad389150c5c60edbe", size = 25843 }
wheels = [
    { url = "https://files.pythonhosted.org/packages/31/b4/b9b800c45527aadd64d5b442f9b932b00648617eb5d63d2c7a6587b7cafc/jmespath-1.0.1-py3-none-any.whl", hash = "sha256:02e2e4cc71b5bcab88332eebf907519190dd9e6e82107fa7f83b1003a6252980", size = 20256 },
]

[[package]]
name = "python-dateutil"
version = "2.9.0.post0"
source = { registry = "https://pypi.org/simple" }
dependencies = [
    { name = "six" },
]
sdist = { url = "https://files.pythonhosted.org/packages/66/c0/0c8b6ad9f17a802ee498c46e004a0eb49bc148f2fd230864601a86dcf6db/python-dateutil-2.9.0.post0.tar.gz", hash = "sha256:37dd54208da7e1cd875388217d5e00ebd4179249f90fb72437e91a35459a0ad3", size = 342432 }
wheels = [
    { url = "https://files.pythonhosted.org/packages/ec/57/56b9bcc3c9c6a792fcbaf139543cee77261f3651ca9da0c93f5c1221264b/python_dateutil-2.9.0.post0-py2.py3-none-any.whl", hash = "sha256:a8b2bc7bffae282281c8140a97d3aa9c14da0b136dfe83f850eea9a5f7470427", size = 229892 },
]

[[package]]
name = "requests"
version = "2.31.0"
source = { registry = "https://pypi.org/simple" }
dependencies = [
    { name = "certifi" },
    { name = "charset-normalizer" },
    { name = "idna" },
    { name = "urllib3" },
]
sdist = { url = "https://files.pythonhosted.org/packages/9d/be/10918a2eac4ae9f02f6cfe6414b7a155ccd8f7f9d4380d62fd5b955065c3/requests-2.31.0.tar.gz", hash = "sha256:942c5a758f98d790eaed1a29cb6eefc7ffb0d1cf7af05c3d2791656dbd6ad1e1", size = 110794 }
wheels = [
    { url = "https://files.pythonhosted.org/packages/70/8e/0e2d847013cb52cd35b38c009bb167a1a26b2ce6cd6965bf26b47bc0bf44/requests-2.31.0-py3-none-any.whl", hash = "sha256:58cd2187c01e70e6e26505bca751777aa9f2ee0b7f4300988b709f44e013003f", size = 62574 },
]

[[package]]
name = "s3transfer"
version = "0.7.0"
source = { registry = "https://pypi.org/simple" }
dependencies = [
    { name = "botocore" },
]
sdist = { url = "https://files.pythonhosted.org/packages/3f/ff/5fd9375f3fe467263cff9cad9746fd4c4e1399440ea9563091c958ff90b5/s3transfer-0.7.0.tar.gz", hash = "sha256:fd3889a66f5fe17299fe75b82eae6cf722554edca744ca5d5fe308b104883d2e", size = 132904 }
wheels = [
    { url = "https://files.pythonhosted.org/packages/5a/4b/fec9ce18f8874a96c5061422625ba86c3ee1e6587ccd92ff9f5bf7bd91b2/s3transfer-0.7.0-py3-none-any.whl", hash = "sha256:10d6923c6359175f264811ef4bf6161a3156ce8e350e705396a7557d6293c33a", size = 79761 },
]

[[package]]
name = "sentry-sdk"
version = "1.35.0"
source = { registry = "https://pypi.org/simple" }
dependencies = [
    { name = "certifi" },
    { name = "urllib3" },
]
sdist = { url = "https://files.pythonhosted.org/packages/d0/98/6f5a4c4746ee34254d57f2fdb0d80a89a4ff95af73b4b0c8114799593034/sentry-sdk-1.35.0.tar.gz", hash = "sha256:04e392db9a0d59bd49a51b9e3a92410ac5867556820465057c2ef89a38e953e9", size = 224060 }
wheels = [
    { url = "https://files.pythonhosted.org/packages/3a/f3/2790af9e769e62bef5d528ad66dbf0a1415d8177861056b0ae0b37cd6eed/sentry_sdk-1.35.0-py2.py3-none-any.whl", hash = "sha256:a7865952701e46d38b41315c16c075367675c48d049b90a4cc2e41991ebc7efa", size = 248642 },
]

[[package]]
name = "six"
version = "1.17.0"
source = { registry = "https://pypi.org/simple" }
sdist = { url = "https://files.pythonhosted.org/packages/94/e7/b2c673351809dca68a0e064b6af791aa332cf192da575fd474ed7d6f16a2/six-1.17.0.tar.gz", hash = "sha256:ff70335d468e7eb6ec65b95b99d3a2836546063f63acc5171de367e834932a81", size = 34031 }
wheels = [
    { url = "https://files.pythonhosted.org/packages/b7/ce/149a00dd41f10bc29e5921b496af8b574d8413afcd5e30dfa0ed46c2cc5e/six-1.17.0-py2.py3-none-any.whl", hash = "sha256:4721f391ed90541fddacab5acf947aa0d3dc7d27b2e1e8eda2be8970586c3274", size = 11050 },
]

[[package]]
name = "urllib3"
version = "1.26.20"
source = { registry = "https://pypi.org/simple" }
sdist = { url = "https://files.pythonhosted.org/packages/e4/e8/6ff5e6bc22095cfc59b6ea711b687e2b7ed4bdb373f7eeec370a97d7392f/urllib3-1.26.20.tar.gz", hash = "sha256:40c2dc0c681e47eb8f90e7e27bf6ff7df2e677421fd46756da1161c39ca70d32", size = 307380 }
wheels = [
    { url = "https://files.pythonhosted.org/packages/33/cf/8435d5a7159e2a9c83a95896ed596f68cf798005fe107cc655b5c5c14704/urllib3-1.26.20-py2.py3-none-any.whl", hash = "sha256:0ed14ccfbf1c30a9072c7ca157e4319b70d65f623e91e7b32fadb2853431016e", size = 144225 },
]
